# @generated - this file is auto-generated by `mise lock` https://mise.en.dev/dev-tools/mise-lock.html

[[tools."aqua:golangci/golangci-lint"]]
version = "2.13.2"
backend = "aqua:golangci/golangci-lint"

[tools."aqua:golangci/golangci-lint"."platforms.linux-arm64"]
checksum = "sha256:a2a4e0065aa41be71f7c5ac90f271b61751331e5d04314e62afe4027855f0893"
url = "https://github.com/golangci/golangci-lint/releases/download/v2.13.2/golangci-lint-2.13.2-linux-arm64.tar.gz"
url_api = "https://api.github.com/repos/golangci/golangci-lint/releases/assets/532995442"
provenance = "github-attestations"

[tools."aqua:golangci/golangci-lint"."platforms.linux-arm64-musl"]
checksum = "sha256:a2a4e0065aa41be71f7c5ac90f271b61751331e5d04314e62afe4027855f0893"
url = "https://github.com/golangci/golangci-lint/releases/download/v2.13.2/golangci-lint-2.13.2-linux-arm64.tar.gz"
url_api = "https://api.github.com/repos/golangci/golangci-lint/releases/assets/532995442"
provenance = "github-attestations"

[tools."aqua:golangci/golangci-lint"."platforms.linux-x64"]
checksum = "sha256:2277d43b98ec0054280f2ac26b53268bae97682444678a59a657dd565da021d6"
url = "https://github.com/golangci/golangci-lint/releases/download/v2.13.2/golangci-lint-2.13.2-linux-amd64.tar.gz"
url_api = "https://api.github.com/repos/golangci/golangci-lint/releases/assets/532995333"
provenance = "github-attestations"

[tools."aqua:golangci/golangci-lint"."platforms.linux-x64-musl"]
checksum = "sha256:2277d43b98ec0054280f2ac26b53268bae97682444678a59a657dd565da021d6"
url = "https://github.com/golangci/golangci-lint/releases/download/v2.13.2/golangci-lint-2.13.2-linux-amd64.tar.gz"
url_api = "https://api.github.com/repos/golangci/golangci-lint/releases/assets/532995333"
provenance = "github-attestations"

[tools."aqua:golangci/golangci-lint"."platforms.macos-arm64"]
checksum = "sha256:f4bf83f0b64f055c42b28fc9a38861839f69c096e61c788e72dfaae412011789"
url = "https://github.com/golangci/golangci-lint/releases/download/v2.13.2/golangci-lint-2.13.2-darwin-arm64.tar.gz"
url_api = "https://api.github.com/repos/golangci/golangci-lint/releases/assets/532995398"
provenance = "github-attestations"

[tools."aqua:golangci/golangci-lint"."platforms.macos-x64"]
checksum = "sha256:8a13aaf9cbbb1dee52824e862cf0d0720e5bb97c1f4260d1e51623a09492b57b"
url = "https://github.com/golangci/golangci-lint/releases/download/v2.13.2/golangci-lint-2.13.2-darwin-amd64.tar.gz"
url_api = "https://api.github.com/repos/golangci/golangci-lint/releases/assets/532995222"
provenance = "github-attestations"

[tools."aqua:golangci/golangci-lint"."platforms.windows-x64"]
checksum = "sha256:4735fdc8e84a0cfb7a15a1c364a650942f88215e0d36c674ebc4024f7b554524"
url = "https://github.com/golangci/golangci-lint/releases/download/v2.13.2/golangci-lint-2.13.2-windows-amd64.zip"
url_api = "https://api.github.com/repos/golangci/golangci-lint/releases/assets/532995335"
provenance = "github-attestations"

[[tools."aqua:goreleaser/goreleaser"]]
version = "2.18.0"
backend = "aqua:goreleaser/goreleaser"

[tools."aqua:goreleaser/goreleaser"."platforms.linux-arm64"]
checksum = "sha256:1975566c9668e6f4247e6bb57656f21da13635c24d948ef47b1232e5c864a35b"
url = "https://github.com/goreleaser/goreleaser/releases/download/v2.18.0/goreleaser_Linux_arm64.tar.gz"
url_api = "https://api.github.com/repos/goreleaser/goreleaser/releases/assets/526873789"
provenance = "github-attestations"

[tools."aqua:goreleaser/goreleaser"."platforms.linux-arm64-musl"]
checksum = "sha256:1975566c9668e6f4247e6bb57656f21da13635c24d948ef47b1232e5c864a35b"
url = "https://github.com/goreleaser/goreleaser/releases/download/v2.18.0/goreleaser_Linux_arm64.tar.gz"
url_api = "https://api.github.com/repos/goreleaser/goreleaser/releases/assets/526873789"
provenance = "github-attestations"

[tools."aqua:goreleaser/goreleaser"."platforms.linux-x64"]
checksum = "sha256:41cdf49b653784b03a08013dd99e382cd5d463049e915c2d818eaed182ae6197"
url = "https://github.com/goreleaser/goreleaser/releases/download/v2.18.0/goreleaser_Linux_x86_64.tar.gz"
url_api = "https://api.github.com/repos/goreleaser/goreleaser/releases/assets/526873785"
provenance = "github-attestations"

[tools."aqua:goreleaser/goreleaser"."platforms.linux-x64-musl"]
checksum = "sha256:41cdf49b653784b03a08013dd99e382cd5d463049e915c2d818eaed182ae6197"
url = "https://github.com/goreleaser/goreleaser/releases/download/v2.18.0/goreleaser_Linux_x86_64.tar.gz"
url_api = "https://api.github.com/repos/goreleaser/goreleaser/releases/assets/526873785"
provenance = "github-attestations"

[tools."aqua:goreleaser/goreleaser"."platforms.macos-arm64"]
checksum = "sha256:285abb188274f3eebffb97fcd17a7d25f109fe33e234597c393e78e869386d5c"
url = "https://github.com/goreleaser/goreleaser/releases/download/v2.18.0/goreleaser_Darwin_all.tar.gz"
url_api = "https://api.github.com/repos/goreleaser/goreleaser/releases/assets/526873866"
provenance = "github-attestations"

[tools."aqua:goreleaser/goreleaser"."platforms.macos-x64"]
checksum = "sha256:285abb188274f3eebffb97fcd17a7d25f109fe33e234597c393e78e869386d5c"
url = "https://github.com/goreleaser/goreleaser/releases/download/v2.18.0/goreleaser_Darwin_all.tar.gz"
url_api = "https://api.github.com/repos/goreleaser/goreleaser/releases/assets/526873866"
provenance = "github-attestations"

[tools."aqua:goreleaser/goreleaser"."platforms.windows-x64"]
checksum = "sha256:cbd0aeab833806b6c07e2d156c2c9baaffa6e3d1fb870071bf3efc9d9e5b4777"
url = "https://github.com/goreleaser/goreleaser/releases/download/v2.18.0/goreleaser_Windows_x86_64.zip"
url_api = "https://api.github.com/repos/goreleaser/goreleaser/releases/assets/526873786"
provenance = "github-attestations"

[[tools."aqua:hashicorp/terraform"]]
version = "1.16.0"
backend = "aqua:hashicorp/terraform"

[tools."aqua:hashicorp/terraform"."platforms.linux-arm64"]
checksum = "sha256:60f86cea49a653e22a93c000f16cbfa391ce41c6f6a11d36557c35da411f684c"
url = "https://releases.hashicorp.com/terraform/1.16.0/terraform_1.16.0_linux_arm64.zip"

[tools."aqua:hashicorp/terraform"."platforms.linux-arm64-musl"]
checksum = "sha256:60f86cea49a653e22a93c000f16cbfa391ce41c6f6a11d36557c35da411f684c"
url = "https://releases.hashicorp.com/terraform/1.16.0/terraform_1.16.0_linux_arm64.zip"

[tools."aqua:hashicorp/terraform"."platforms.linux-x64"]
checksum = "sha256:41d05b927aa174f15d1228c4eba832a323b716c68b415ef5a00179f46cc602d3"
url = "https://releases.hashicorp.com/terraform/1.16.0/terraform_1.16.0_linux_amd64.zip"

[tools."aqua:hashicorp/terraform"."platforms.linux-x64-musl"]
checksum = "sha256:41d05b927aa174f15d1228c4eba832a323b716c68b415ef5a00179f46cc602d3"
url = "https://releases.hashicorp.com/terraform/1.16.0/terraform_1.16.0_linux_amd64.zip"

[tools."aqua:hashicorp/terraform"."platforms.macos-arm64"]
checksum = "sha256:5dd692c6cc76b596029ff3c2b2b4c3a1710f92d3de6d2da3f66bd2e0c2daa92a"
url = "https://releases.hashicorp.com/terraform/1.16.0/terraform_1.16.0_darwin_arm64.zip"

[tools."aqua:hashicorp/terraform"."platforms.macos-x64"]
checksum = "sha256:2b2b7d37f6893474fa3622fa96053e54949c4ddfca4aba105380718157936465"
url = "https://releases.hashicorp.com/terraform/1.16.0/terraform_1.16.0_darwin_amd64.zip"

[tools."aqua:hashicorp/terraform"."platforms.windows-x64"]
checksum = "sha256:2a50a95205189c1c9fcefbd34eaa9e94ec905a32a4880bfea34ef9f97757c73f"
url = "https://releases.hashicorp.com/terraform/1.16.0/terraform_1.16.0_windows_amd64.zip"

[[tools."aqua:orhun/git-cliff"]]
version = "2.14.1"
backend = "aqua:orhun/git-cliff"

[tools."aqua:orhun/git-cliff"."platforms.linux-arm64"]
checksum = "sha256:e99dc84135c6bc27aefc9d8226f7297119ed6750a32f45418f4587bc6cb260d8"
url = "https://github.com/orhun/git-cliff/releases/download/v2.14.1/git-cliff-2.14.1-aarch64-unknown-linux-gnu.tar.gz"
url_api = "https://api.github.com/repos/orhun/git-cliff/releases/assets/539696829"

[tools."aqua:orhun/git-cliff"."platforms.linux-arm64-musl"]
checksum = "sha256:ee79fa39a8bb100b12937b0ac4800cc4436ae48f678ef8a1502ce99754552b0c"
url = "https://github.com/orhun/git-cliff/releases/download/v2.14.1/git-cliff-2.14.1-aarch64-unknown-linux-musl.tar.gz"
url_api = "https://api.github.com/repos/orhun/git-cliff/releases/assets/539696760"

[tools."aqua:orhun/git-cliff"."platforms.linux-x64"]
checksum = "sha256:dfe9bef0c7a00d05fafe78e6e591a1a280d39dd495b8066764db0a559acde67f"
url = "https://github.com/orhun/git-cliff/releases/download/v2.14.1/git-cliff-2.14.1-x86_64-unknown-linux-gnu.tar.gz"
url_api = "https://api.github.com/repos/orhun/git-cliff/releases/assets/539696847"

[tools."aqua:orhun/git-cliff"."platforms.linux-x64-musl"]
checksum = "sha256:cba6ae86f0a4205784eed8ef049fe53c904138806e33a1bda2e25026b17198eb"
url = "https://github.com/orhun/git-cliff/releases/download/v2.14.1/git-cliff-2.14.1-x86_64-unknown-linux-musl.tar.gz"
url_api = "https://api.github.com/repos/orhun/git-cliff/releases/assets/539696922"

[tools."aqua:orhun/git-cliff"."platforms.macos-arm64"]
checksum = "sha256:2e2d1f60963aa6a201dbd21df14d7f44025328b8bb33437695f15a516598615a"
url = "https://github.com/orhun/git-cliff/releases/download/v2.14.1/git-cliff-2.14.1-aarch64-apple-darwin.tar.gz"
url_api = "https://api.github.com/repos/orhun/git-cliff/releases/assets/539696537"

[tools."aqua:orhun/git-cliff"."platforms.macos-x64"]
checksum = "sha256:d1ca51bfd8b8c2a09434532bdb85bab50179b7c0bde2378aa48f3c1a7dc2fd36"
url = "https://github.com/orhun/git-cliff/releases/download/v2.14.1/git-cliff-2.14.1-x86_64-apple-darwin.tar.gz"
url_api = "https://api.github.com/repos/orhun/git-cliff/releases/assets/539697282"

[tools."aqua:orhun/git-cliff"."platforms.windows-x64"]
checksum = "sha256:791aa263079aa7894e24d4e2f8e978aa6214e9dd9dbf04f79ae5f3565758f1a1"
url = "https://github.com/orhun/git-cliff/releases/download/v2.14.1/git-cliff-2.14.1-x86_64-pc-windows-msvc.zip"
url_api = "https://api.github.com/repos/orhun/git-cliff/releases/assets/539702434"

[[tools."aqua:suzuki-shunsuke/disable-checkout-persist-credentials"]]
version = "1.0.0"
backend = "aqua:suzuki-shunsuke/disable-checkout-persist-credentials"

[tools."aqua:suzuki-shunsuke/disable-checkout-persist-credentials"."platforms.linux-arm64"]
checksum = "sha256:a0925ca95870ad1f4bbdbb4e96172c4730558de76ac67f2d78f2ced1300ab9c7"
url = "https://github.com/suzuki-shunsuke/disable-checkout-persist-credentials/releases/download/v1.0.0/disable-checkout-persist-credentials_linux_arm64.tar.gz"
url_api = "https://api.github.com/repos/suzuki-shunsuke/disable-checkout-persist-credentials/releases/assets/325159895"

[tools."aqua:suzuki-shunsuke/disable-checkout-persist-credentials"."platforms.linux-arm64".provenance.slsa]
url = "https://github.com/suzuki-shunsuke/disable-checkout-persist-credentials/releases/download/v1.0.0/multiple.intoto.jsonl"

[tools."aqua:suzuki-shunsuke/disable-checkout-persist-credentials"."platforms.linux-arm64-musl"]
checksum = "sha256:a0925ca95870ad1f4bbdbb4e96172c4730558de76ac67f2d78f2ced1300ab9c7"
url = "https://github.com/suzuki-shunsuke/disable-checkout-persist-credentials/releases/download/v1.0.0/disable-checkout-persist-credentials_linux_arm64.tar.gz"
url_api = "https://api.github.com/repos/suzuki-shunsuke/disable-checkout-persist-credentials/releases/assets/325159895"

[tools."aqua:suzuki-shunsuke/disable-checkout-persist-credentials"."platforms.linux-arm64-musl".provenance.slsa]
url = "https://github.com/suzuki-shunsuke/disable-checkout-persist-credentials/releases/download/v1.0.0/multiple.intoto.jsonl"

[tools."aqua:suzuki-shunsuke/disable-checkout-persist-credentials"."platforms.linux-x64"]
checksum = "sha256:81a4e471cdf0788ad14f648a126d3a8ca82019026262fdfeeea5aaf6490fb89a"
url = "https://github.com/suzuki-shunsuke/disable-checkout-persist-credentials/releases/download/v1.0.0/disable-checkout-persist-credentials_linux_amd64.tar.gz"
url_api = "https://api.github.com/repos/suzuki-shunsuke/disable-checkout-persist-credentials/releases/assets/325159892"

[tools."aqua:suzuki-shunsuke/disable-checkout-persist-credentials"."platforms.linux-x64".provenance.slsa]
url = "https://github.com/suzuki-shunsuke/disable-checkout-persist-credentials/releases/download/v1.0.0/multiple.intoto.jsonl"

[tools."aqua:suzuki-shunsuke/disable-checkout-persist-credentials"."platforms.linux-x64-musl"]
checksum = "sha256:81a4e471cdf0788ad14f648a126d3a8ca82019026262fdfeeea5aaf6490fb89a"
url = "https://github.com/suzuki-shunsuke/disable-checkout-persist-credentials/releases/download/v1.0.0/disable-checkout-persist-credentials_linux_amd64.tar.gz"
url_api = "https://api.github.com/repos/suzuki-shunsuke/disable-checkout-persist-credentials/releases/assets/325159892"

[tools."aqua:suzuki-shunsuke/disable-checkout-persist-credentials"."platforms.linux-x64-musl".provenance.slsa]
url = "https://github.com/suzuki-shunsuke/disable-checkout-persist-credentials/releases/download/v1.0.0/multiple.intoto.jsonl"

[tools."aqua:suzuki-shunsuke/disable-checkout-persist-credentials"."platforms.macos-arm64"]
checksum = "sha256:48ea9e0aa93febcc4d88095594fe38deb634292f9ed9b187e23067d50c4b4b43"
url = "https://github.com/suzuki-shunsuke/disable-checkout-persist-credentials/releases/download/v1.0.0/disable-checkout-persist-credentials_darwin_arm64.tar.gz"
url_api = "https://api.github.com/repos/suzuki-shunsuke/disable-checkout-persist-credentials/releases/assets/325159890"

[tools."aqua:suzuki-shunsuke/disable-checkout-persist-credentials"."platforms.macos-arm64".provenance.slsa]
url = "https://github.com/suzuki-shunsuke/disable-checkout-persist-credentials/releases/download/v1.0.0/multiple.intoto.jsonl"

[tools."aqua:suzuki-shunsuke/disable-checkout-persist-credentials"."platforms.macos-x64"]
checksum = "sha256:304e83bb3d31479192d7392cd2f09140cb3dd0356cbbb417399200cbc547f9eb"
url = "https://github.com/suzuki-shunsuke/disable-checkout-persist-credentials/releases/download/v1.0.0/disable-checkout-persist-credentials_darwin_amd64.tar.gz"
url_api = "https://api.github.com/repos/suzuki-shunsuke/disable-checkout-persist-credentials/releases/assets/325159884"

[tools."aqua:suzuki-shunsuke/disable-checkout-persist-credentials"."platforms.macos-x64".provenance.slsa]
url = "https://github.com/suzuki-shunsuke/disable-checkout-persist-credentials/releases/download/v1.0.0/multiple.intoto.jsonl"

[tools."aqua:suzuki-shunsuke/disable-checkout-persist-credentials"."platforms.windows-x64"]
checksum = "sha256:fe6b9cb19efb258a41902bfeb0141788948765e8ce04b7807a0e2212bbf5147c"
url = "https://github.com/suzuki-shunsuke/disable-checkout-persist-credentials/releases/download/v1.0.0/disable-checkout-persist-credentials_windows_amd64.zip"
url_api = "https://api.github.com/repos/suzuki-shunsuke/disable-checkout-persist-credentials/releases/assets/325159899"

[tools."aqua:suzuki-shunsuke/disable-checkout-persist-credentials"."platforms.windows-x64".provenance.slsa]
url = "https://github.com/suzuki-shunsuke/disable-checkout-persist-credentials/releases/download/v1.0.0/multiple.intoto.jsonl"

[[tools."aqua:suzuki-shunsuke/ghalint"]]
version = "1.5.6"
backend = "aqua:suzuki-shunsuke/ghalint"

[tools."aqua:suzuki-shunsuke/ghalint"."platforms.linux-arm64"]
checksum = "sha256:203a22c70b40bb161626973ad2a8dd06aeb736699fc8e03dd425dee8ff3406e6"
url = "https://github.com/suzuki-shunsuke/ghalint/releases/download/v1.5.6/ghalint_1.5.6_linux_arm64.tar.gz"
url_api = "https://api.github.com/repos/suzuki-shunsuke/ghalint/releases/assets/409631231"

[tools."aqua:suzuki-shunsuke/ghalint"."platforms.linux-arm64".provenance.slsa]
url = "https://github.com/suzuki-shunsuke/ghalint/releases/download/v1.5.6/multiple.intoto.jsonl"

[tools."aqua:suzuki-shunsuke/ghalint"."platforms.linux-arm64-musl"]
checksum = "sha256:203a22c70b40bb161626973ad2a8dd06aeb736699fc8e03dd425dee8ff3406e6"
url = "https://github.com/suzuki-shunsuke/ghalint/releases/download/v1.5.6/ghalint_1.5.6_linux_arm64.tar.gz"
url_api = "https://api.github.com/repos/suzuki-shunsuke/ghalint/releases/assets/409631231"

[tools."aqua:suzuki-shunsuke/ghalint"."platforms.linux-arm64-musl".provenance.slsa]
url = "https://github.com/suzuki-shunsuke/ghalint/releases/download/v1.5.6/multiple.intoto.jsonl"

[tools."aqua:suzuki-shunsuke/ghalint"."platforms.linux-x64"]
checksum = "sha256:98ee0e3330de7286f470d1e89c03ff7ce70d7a5998ba0f15969c400447be579c"
url = "https://github.com/suzuki-shunsuke/ghalint/releases/download/v1.5.6/ghalint_1.5.6_linux_amd64.tar.gz"
url_api = "https://api.github.com/repos/suzuki-shunsuke/ghalint/releases/assets/409631220"

[tools."aqua:suzuki-shunsuke/ghalint"."platforms.linux-x64".provenance.slsa]
url = "https://github.com/suzuki-shunsuke/ghalint/releases/download/v1.5.6/multiple.intoto.jsonl"

[tools."aqua:suzuki-shunsuke/ghalint"."platforms.linux-x64-musl"]
checksum = "sha256:98ee0e3330de7286f470d1e89c03ff7ce70d7a5998ba0f15969c400447be579c"
url = "https://github.com/suzuki-shunsuke/ghalint/releases/download/v1.5.6/ghalint_1.5.6_linux_amd64.tar.gz"
url_api = "https://api.github.com/repos/suzuki-shunsuke/ghalint/releases/assets/409631220"

[tools."aqua:suzuki-shunsuke/ghalint"."platforms.linux-x64-musl".provenance.slsa]
url = "https://github.com/suzuki-shunsuke/ghalint/releases/download/v1.5.6/multiple.intoto.jsonl"

[tools."aqua:suzuki-shunsuke/ghalint"."platforms.macos-arm64"]
checksum = "sha256:1262cac411e27b4653e6b66b7b06580ebcc2026fdd903e12e6cb0e4591639de6"
url = "https://github.com/suzuki-shunsuke/ghalint/releases/download/v1.5.6/ghalint_1.5.6_darwin_arm64.tar.gz"
url_api = "https://api.github.com/repos/suzuki-shunsuke/ghalint/releases/assets/409631219"

[tools."aqua:suzuki-shunsuke/ghalint"."platforms.macos-arm64".provenance.slsa]
url = "https://github.com/suzuki-shunsuke/ghalint/releases/download/v1.5.6/multiple.intoto.jsonl"

[tools."aqua:suzuki-shunsuke/ghalint"."platforms.macos-x64"]
checksum = "sha256:d2a0e8605333068065dcf4c9b7b7a24891eda1750ac01fb755dfba426a390883"
url = "https://github.com/suzuki-shunsuke/ghalint/releases/download/v1.5.6/ghalint_1.5.6_darwin_amd64.tar.gz"
url_api = "https://api.github.com/repos/suzuki-shunsuke/ghalint/releases/assets/409631204"

[tools."aqua:suzuki-shunsuke/ghalint"."platforms.macos-x64".provenance.slsa]
url = "https://github.com/suzuki-shunsuke/ghalint/releases/download/v1.5.6/multiple.intoto.jsonl"

[tools."aqua:suzuki-shunsuke/ghalint"."platforms.windows-x64"]
checksum = "sha256:109ea9b39c8e263cef924bd3b4fe5505964204f934ca60d986f4090d01a99ba5"
url = "https://github.com/suzuki-shunsuke/ghalint/releases/download/v1.5.6/ghalint_1.5.6_windows_amd64.zip"
url_api = "https://api.github.com/repos/suzuki-shunsuke/ghalint/releases/assets/409631234"

[tools."aqua:suzuki-shunsuke/ghalint"."platforms.windows-x64".provenance.slsa]
url = "https://github.com/suzuki-shunsuke/ghalint/releases/download/v1.5.6/multiple.intoto.jsonl"

[[tools."aqua:suzuki-shunsuke/pinact"]]
version = "4.1.1"
backend = "aqua:suzuki-shunsuke/pinact"

[tools."aqua:suzuki-shunsuke/pinact"."platforms.linux-arm64"]
checksum = "sha256:dd1f29908319ed3e59f9fe6b39196efbb76936357f3bd741cd759a96306ae8d8"
url = "https://github.com/suzuki-shunsuke/pinact/releases/download/v4.1.1/pinact_linux_arm64.tar.gz"
url_api = "https://api.github.com/repos/suzuki-shunsuke/pinact/releases/assets/494702261"
provenance = "github-attestations"

[tools."aqua:suzuki-shunsuke/pinact"."platforms.linux-arm64-musl"]
checksum = "sha256:dd1f29908319ed3e59f9fe6b39196efbb76936357f3bd741cd759a96306ae8d8"
url = "https://github.com/suzuki-shunsuke/pinact/releases/download/v4.1.1/pinact_linux_arm64.tar.gz"
url_api = "https://api.github.com/repos/suzuki-shunsuke/pinact/releases/assets/494702261"
provenance = "github-attestations"

[tools."aqua:suzuki-shunsuke/pinact"."platforms.linux-x64"]
checksum = "sha256:d1cffebe5704b74e2e5f8a864efb9f7e54768972dc686188c008033fb1797841"
url = "https://github.com/suzuki-shunsuke/pinact/releases/download/v4.1.1/pinact_linux_amd64.tar.gz"
url_api = "https://api.github.com/repos/suzuki-shunsuke/pinact/releases/assets/494702259"
provenance = "github-attestations"

[tools."aqua:suzuki-shunsuke/pinact"."platforms.linux-x64-musl"]
checksum = "sha256:d1cffebe5704b74e2e5f8a864efb9f7e54768972dc686188c008033fb1797841"
url = "https://github.com/suzuki-shunsuke/pinact/releases/download/v4.1.1/pinact_linux_amd64.tar.gz"
url_api = "https://api.github.com/repos/suzuki-shunsuke/pinact/releases/assets/494702259"
provenance = "github-attestations"

[tools."aqua:suzuki-shunsuke/pinact"."platforms.macos-arm64"]
checksum = "sha256:c13998c9f0dd09d8973700938aa5f6ac52a1db4e94d4f578d8cc976cda478614"
url = "https://github.com/suzuki-shunsuke/pinact/releases/download/v4.1.1/pinact_darwin_arm64.tar.gz"
url_api = "https://api.github.com/repos/suzuki-shunsuke/pinact/releases/assets/494702257"
provenance = "github-attestations"

[tools."aqua:suzuki-shunsuke/pinact"."platforms.macos-x64"]
checksum = "sha256:513678fdb0bb59b2742dd06d28f0ee851496a83ba939954009aa6be53f5aec9c"
url = "https://github.com/suzuki-shunsuke/pinact/releases/download/v4.1.1/pinact_darwin_amd64.tar.gz"
url_api = "https://api.github.com/repos/suzuki-shunsuke/pinact/releases/assets/494702250"
provenance = "github-attestations"

[tools."aqua:suzuki-shunsuke/pinact"."platforms.windows-x64"]
checksum = "sha256:88db480a3f8833d7233b482a72c97308df558ebceb0d3214775889239901f6a9"
url = "https://github.com/suzuki-shunsuke/pinact/releases/download/v4.1.1/pinact_windows_amd64.zip"
url_api = "https://api.github.com/repos/suzuki-shunsuke/pinact/releases/assets/494702288"
provenance = "github-attestations"

[[tools.go]]
version = "1.27.1"
backend = "core:go"

[tools.go."platforms.linux-arm64"]
checksum = "sha256:3450b45a3f9ee8568792736a5c5e70a1f2e9b36c35a8f74958c03e51d7d92bec"
url = "https://dl.google.com/go/go1.27.1.linux-arm64.tar.gz"

[tools.go."platforms.linux-arm64-musl"]
checksum = "sha256:3450b45a3f9ee8568792736a5c5e70a1f2e9b36c35a8f74958c03e51d7d92bec"
url = "https://dl.google.com/go/go1.27.1.linux-arm64.tar.gz"

[tools.go."platforms.linux-x64"]
checksum = "sha256:63d339f0da5ab53635a56f2490a7984dfe12dfcff22ad749f63edaf590168445"
url = "https://dl.google.com/go/go1.27.1.linux-amd64.tar.gz"

[tools.go."platforms.linux-x64-musl"]
checksum = "sha256:63d339f0da5ab53635a56f2490a7984dfe12dfcff22ad749f63edaf590168445"
url = "https://dl.google.com/go/go1.27.1.linux-amd64.tar.gz"

[tools.go."platforms.macos-arm64"]
checksum = "sha256:ee215d57e0ec269c60cc9ceca68e6bda321ba9ee5afe24f4b0988703c2d87d12"
url = "https://dl.google.com/go/go1.27.1.darwin-arm64.tar.gz"

[tools.go."platforms.macos-x64"]
checksum = "sha256:8f8f52c6649542cf027bbc9b9c68d1ec042f9f34808a40413f0b8b3f66f3caa4"
url = "https://dl.google.com/go/go1.27.1.darwin-amd64.tar.gz"

[tools.go."platforms.windows-x64"]
checksum = "sha256:a3911b5e0e1b1053f25ed0675f4c1c6aad1e2bfcf253df2b9be4caabd2edd95d"
url = "https://dl.google.com/go/go1.27.1.windows-amd64.zip"

[[tools."go:github.com/hashicorp/terraform-plugin-docs/cmd/tfplugindocs"]]
version = "0.25.0"
backend = "go:github.com/hashicorp/terraform-plugin-docs/cmd/tfplugindocs"

[[tools."go:github.com/oapi-codegen/oapi-codegen/v2/cmd/oapi-codegen"]]
version = "2.8.0"
backend = "go:github.com/oapi-codegen/oapi-codegen/v2/cmd/oapi-codegen"
